
Microsoft Visual Studio Solution File, Format Version 12.00
# Visual Studio Version 17
VisualStudioVersion = 17.10.35027.167
MinimumVisualStudioVersion = 10.0.40219.1
Project("{FAE04EC0-301F-11D3-BF4B-00C04F79EFBC}") = "SyncSampleApp", "SyncSampleApp\SyncSampleApp.csproj", "{B97A18F5-C81F-45AB-93C7-E68F8D011F96}"
EndProject
Project("{FAE04EC0-301F-11D3-BF4B-00C04F79EFBC}") = "WindowsSignalSampleApp", "WindowsSignalSampleApp\WindowsSignalSampleApp.csproj", "{EDFFEDCF-33FB-4D78-B9FA-A600F044FB6B}"
EndProject
Global
	GlobalSection(SolutionConfigurationPlatforms) = preSolution
		Debug|Any CPU = Debug|Any CPU
		Release|Any CPU = Release|Any CPU
	EndGlobalSection
	GlobalSection(ProjectConfigurationPlatforms) = postSolution
		{B97A18F5-C81F-45AB-93C7-E68F8D011F96}.Debug|Any CPU.ActiveCfg = Debug|Any CPU
		{B97A18F5-C81F-45AB-93C7-E68F8D011F96}.Debug|Any CPU.Build.0 = Debug|Any CPU
		{B97A18F5-C81F-45AB-93C7-E68F8D011F96}.Release|Any CPU.ActiveCfg = Release|Any CPU
		{B97A18F5-C81F-45AB-93C7-E68F8D011F96}.Release|Any CPU.Build.0 = Release|Any CPU
		{EDFFEDCF-33FB-4D78-B9FA-A600F044FB6B}.Debug|Any CPU.ActiveCfg = Debug|Any CPU
		{EDFFEDCF-33FB-4D78-B9FA-A600F044FB6B}.Debug|Any CPU.Build.0 = Debug|Any CPU
		{EDFFEDCF-33FB-4D78-B9FA-A600F044FB6B}.Release|Any CPU.ActiveCfg = Release|Any CPU
		{EDFFEDCF-33FB-4D78-B9FA-A600F044FB6B}.Release|Any CPU.Build.0 = Release|Any CPU
	EndGlobalSection
	GlobalSection(SolutionProperties) = preSolution
		HideSolutionNode = FALSE
	EndGlobalSection
	GlobalSection(ExtensibilityGlobals) = postSolution
		SolutionGuid = {DD7AB30B-228A-46BD-AD2C-C525B2E8FA50}
	EndGlobalSection
EndGlobal
